// !$*UTF8*$!
{
	archiveVersion = 1;
	classes = {
	};
	objectVersion = 51;
	objects = {

/* Begin PBXBuildFile section */
		018960C324E1BC8E0090CDF4 /* AppDelegate.swift in Sources */ = {isa = PBXBuildFile; fileRef = 018960C224E1BC8E0090CDF4 /* AppDelegate.swift */; };
		018960C524E1BC8E0090CDF4 /* SceneDelegate.swift in Sources */ = {isa = PBXBuildFile; fileRef = 018960C424E1BC8E0090CDF4 /* SceneDelegate.swift */; };
		018960C724E1BC8E0090CDF4 /* ViewController.swift in Sources */ = {isa = PBXBuildFile; fileRef = 018960C624E1BC8E0090CDF4 /* ViewController.swift */; };
		018960CA24E1BC8E0090CDF4 /* Main.storyboard in Resources */ = {isa = PBXBuildFile; fileRef = 018960C824E1BC8E0090CDF4 /* Main.storyboard */; };
		018960CC24E1BC900090CDF4 /* Assets.xcassets in Resources */ = {isa = PBXBuildFile; fileRef = 018960CB24E1BC900090CDF4 /* Assets.xcassets */; };
		018960CF24E1BC900090CDF4 /* LaunchScreen.storyboard in Resources */ = {isa = PBXBuildFile; fileRef = 018960CD24E1BC900090CDF4 /* LaunchScreen.storyboard */; };
		018960D724E1C1320090CDF4 /* MoyaDataService.swift in Sources */ = {isa = PBXBuildFile; fileRef = 018960D624E1C1320090CDF4 /* MoyaDataService.swift */; };
		387F96BE685758D524CB82C9 /* Pods_Moya_Demo.framework in Frameworks */ = {isa = PBXBuildFile; fileRef = FB8F44202DCF999AC7C773A9 /* Pods_Moya_Demo.framework */; };
/* End PBXBuildFile section */

/* Begin PBXFileReference section */
		018960BF24E1BC8E0090CDF4 /* Moya Demo.app */ = {isa = PBXFileReference; explicitFileType = wrapper.application; includeInIndex = 0; path = "Moya Demo.app"; sourceTree = BUILT_PRODUCTS_DIR; };
		018960C224E1BC8E0090CDF4 /* AppDelegate.swift */ = {isa = PBXFileReference; lastKnownFileType = sourcecode.swift; path = AppDelegate.swift; sourceTree = "<group>"; };
		018960C424E1BC8E0090CDF4 /* SceneDelegate.swift */ = {isa = PBXFileReference; lastKnownFileType = sourcecode.swift; path = SceneDelegate.swift; sourceTree = "<group>"; };
		018960C624E1BC8E0090CDF4 /* ViewController.swift */ = {isa = PBXFileReference; lastKnownFileType = sourcecode.swift; path = ViewController.swift; sourceTree = "<group>"; };
		018960C924E1BC8E0090CDF4 /* Base */ = {isa = PBXFileReference; lastKnownFileType = file.storyboard; name = Base; path = Base.lproj/Main.storyboard; sourceTree = "<group>"; };
		018960CB24E1BC900090CDF4 /* Assets.xcassets */ = {isa = PBXFileReference; lastKnownFileType = folder.assetcatalog; path = Assets.xcassets; sourceTree = "<group>"; };
		018960CE24E1BC900090CDF4 /* Base */ = {isa = PBXFileReference; lastKnownFileType = file.storyboard; name = Base; path = Base.lproj/LaunchScreen.storyboard; sourceTree = "<group>"; };
		018960D024E1BC900090CDF4 /* Info.plist */ = {isa = PBXFileReference; lastKnownFileType = text.plist.xml; path = Info.plist; sourceTree = "<group>"; };
		018960D624E1C1320090CDF4 /* MoyaDataService.swift */ = {isa = PBXFileReference; lastKnownFileType = sourcecode.swift; path = MoyaDataService.swift; sourceTree = "<group>"; };
		CAC4116F91D59343DDDF48AC /* Pods-Moya Demo.release.xcconfig */ = {isa = PBXFileReference; includeInIndex = 1; lastKnownFileType = text.xcconfig; name = "Pods-Moya Demo.release.xcconfig"; path = "Target Support Files/Pods-Moya Demo/Pods-Moya Demo.release.xcconfig"; sourceTree = "<group>"; };
		FB8A419F5144B17B9C00ADCE /* Pods-Moya Demo.debug.xcconfig */ = {isa = PBXFileReference; includeInIndex = 1; lastKnownFileType = text.xcconfig; name = "Pods-Moya Demo.debug.xcconfig"; path = "Target Support Files/Pods-Moya Demo/Pods-Moya Demo.debug.xcconfig"; sourceTree = "<group>"; };
		FB8F44202DCF999AC7C773A9 /* Pods_Moya_Demo.framework */ = {isa = PBXFileReference; explicitFileType = wrapper.framework; includeInIndex = 0; path = Pods_Moya_Demo.framework; sourceTree = BUILT_PRODUCTS_DIR; };
/* End PBXFileReference section */

/* Begin PBXFrameworksBuildPhase section */
		018960BC24E1BC8E0090CDF4 /* Frameworks */ = {
			isa = PBXFrameworksBuildPhase;
			buildActionMask = 2147483647;
			files = (
				387F96BE685758D524CB82C9 /* Pods_Moya_Demo.framework in Frameworks */,
			);
			runOnlyForDeploymentPostprocessing = 0;
		};
/* End PBXFrameworksBuildPhase section */

/* Begin PBXGroup section */
		018960B624E1BC8E0090CDF4 = {
			isa = PBXGroup;
			children = (
				018960C124E1BC8E0090CDF4 /* Moya Demo */,
				018960C024E1BC8E0090CDF4 /* Products */,
				9C3A2EFC7C9E562D52FB873E /* Pods */,
				12742A5C4549792C4C3750DD /* Frameworks */,
			);
			sourceTree = "<group>";
		};
		018960C024E1BC8E0090CDF4 /* Products */ = {
			isa = PBXGroup;
			children = (
				018960BF24E1BC8E0090CDF4 /* Moya Demo.app */,
			);
			name = Products;
			sourceTree = "<group>";
		};
		018960C124E1BC8E0090CDF4 /* Moya Demo */ = {
			isa = PBXGroup;
			children = (
				018960C224E1BC8E0090CDF4 /* AppDelegate.swift */,
				018960C424E1BC8E0090CDF4 /* SceneDelegate.swift */,
				018960C624E1BC8E0090CDF4 /* ViewController.swift */,
				018960D624E1C1320090CDF4 /* MoyaDataService.swift */,
				018960C824E1BC8E0090CDF4 /* Main.storyboard */,
				018960CB24E1BC900090CDF4 /* Assets.xcassets */,
				018960CD24E1BC900090CDF4 /* LaunchScreen.storyboard */,
				018960D024E1BC900090CDF4 /* Info.plist */,
			);
			path = "Moya Demo";
			sourceTree = "<group>";
		};
		12742A5C4549792C4C3750DD /* Frameworks */ = {
			isa = PBXGroup;
			children = (
				FB8F44202DCF999AC7C773A9 /* Pods_Moya_Demo.framework */,
			);
			name = Frameworks;
			sourceTree = "<group>";
		};
		9C3A2EFC7C9E562D52FB873E /* Pods */ = {
			isa = PBXGroup;
			children = (
				FB8A419F5144B17B9C00ADCE /* Pods-Moya Demo.debug.xcconfig */,
				CAC4116F91D59343DDDF48AC /* Pods-Moya Demo.release.xcconfig */,
			);
			path = Pods;
			sourceTree = "<group>";
		};
/* End PBXGroup section */

/* Begin PBXNativeTarget section */
		018960BE24E1BC8E0090CDF4 /* Moya Demo */ = {
			isa = PBXNativeTarget;
			buildConfigurationList = 018960D324E1BC900090CDF4 /* Build configuration list for PBXNativeTarget "Moya Demo" */;
			buildPhases = (
				BE1CCCAE110CF7E85E59DC90 /* [CP] Check Pods Manifest.lock */,
				018960BB24E1BC8E0090CDF4 /* Sources */,
				018960BC24E1BC8E0090CDF4 /* Frameworks */,
				018960BD24E1BC8E0090CDF4 /* Resources */,
				DF0086676C574783A005A620 /* [CP] Embed Pods Frameworks */,
			);
			buildRules = (
			);
			dependencies = (
			);
			name = "Moya Demo";
			productName = "Moya Demo";
			productReference = 018960BF24E1BC8E0090CDF4 /* Moya Demo.app */;
			productType = "com.apple.product-type.application";
		};
/* End PBXNativeTarget section */

/* Begin PBXProject section */
		018960B724E1BC8E0090CDF4 /* Project object */ = {
			isa = PBXProject;
			attributes = {
				LastSwiftUpdateCheck = 1160;
				LastUpgradeCheck = 1160;
				ORGANIZATIONNAME = "Andrii Halabuda";
				TargetAttributes = {
					018960BE24E1BC8E0090CDF4 = {
						CreatedOnToolsVersion = 11.6;
					};
				};
			};
			buildConfigurationList = 018960BA24E1BC8E0090CDF4 /* Build configuration list for PBXProject "Moya Demo" */;
			compatibilityVersion = "Xcode 9.3";
			developmentRegion = en;
			hasScannedForEncodings = 0;
			knownRegions = (
				en,
				Base,
			);
			mainGroup = 018960B624E1BC8E0090CDF4;
			productRefGroup = 018960C024E1BC8E0090CDF4 /* Products */;
			projectDirPath = "";
			projectRoot = "";
			targets = (
				018960BE24E1BC8E0090CDF4 /* Moya Demo */,
			);
		};
/* End PBXProject section */

/* Begin PBXResourcesBuildPhase section */
		018960BD24E1BC8E0090CDF4 /* Resources */ = {
			isa = PBXResourcesBuildPhase;
			buildActionMask = 2147483647;
			files = (
				018960CF24E1BC900090CDF4 /* LaunchScreen.storyboard in Resources */,
				018960CC24E1BC900090CDF4 /* Assets.xcassets in Resources */,
				018960CA24E1BC8E0090CDF4 /* Main.storyboard in Resources */,
			);
			runOnlyForDeploymentPostprocessing = 0;
		};
/* End PBXResourcesBuildPhase section */

/* Begin PBXShellScriptBuildPhase section */
		BE1CCCAE110CF7E85E59DC90 /* [CP] Check Pods Manifest.lock */ = {
			isa = PBXShellScriptBuildPhase;
			buildActionMask = 2147483647;
			files = (
			);
			inputFileListPaths = (
			);
			inputPaths = (
				"${PODS_PODFILE_DIR_PATH}/Podfile.lock",
				"${PODS_ROOT}/Manifest.lock",
			);
			name = "[CP] Check Pods Manifest.lock";
			outputFileListPaths = (
			);
			outputPaths = (
				"$(DERIVED_FILE_DIR)/Pods-Moya Demo-checkManifestLockResult.txt",
			);
			runOnlyForDeploymentPostprocessing = 0;
			shellPath = /bin/sh;
			shellScript = "diff \"${PODS_PODFILE_DIR_PATH}/Podfile.lock\" \"${PODS_ROOT}/Manifest.lock\" > /dev/null\nif [ $? != 0 ] ; then\n    # print error to STDERR\n    echo \"error: The sandbox is not in sync with the Podfile.lock. Run 'pod install' or update your CocoaPods installation.\" >&2\n    exit 1\nfi\n# This output is used by Xcode 'outputs' to avoid re-running this script phase.\necho \"SUCCESS\" > \"${SCRIPT_OUTPUT_FILE_0}\"\n";
			showEnvVarsInLog = 0;
		};
		DF0086676C574783A005A620 /* [CP] Embed Pods Frameworks */ = {
			isa = PBXShellScriptBuildPhase;
			buildActionMask = 2147483647;
			files = (
			);
			inputFileListPaths = (
				"${PODS_ROOT}/Target Support Files/Pods-Moya Demo/Pods-Moya Demo-frameworks-${CONFIGURATION}-input-files.xcfilelist",
			);
			name = "[CP] Embed Pods Frameworks";
			outputFileListPaths = (
				"${PODS_ROOT}/Target Support Files/Pods-Moya Demo/Pods-Moya Demo-frameworks-${CONFIGURATION}-output-files.xcfilelist",
			);
			runOnlyForDeploymentPostprocessing = 0;
			shellPath = /bin/sh;
			shellScript = "\"${PODS_ROOT}/Target Support Files/Pods-Moya Demo/Pods-Moya Demo-frameworks.sh\"\n";
			showEnvVarsInLog = 0;
		};
/* End PBXShellScriptBuildPhase section */

/* Begin PBXSourcesBuildPhase section */
		018960BB24E1BC8E0090CDF4 /* Sources */ = {
			isa = PBXSourcesBuildPhase;
			buildActionMask = 2147483647;
			files = (
				018960C724E1BC8E0090CDF4 /* ViewController.swift in Sources */,
				018960D724E1C1320090CDF4 /* MoyaDataService.swift in Sources */,
				018960C324E1BC8E0090CDF4 /* AppDelegate.swift in Sources */,
				018960C524E1BC8E0090CDF4 /* SceneDelegate.swift in Sources */,
			);
			runOnlyForDeploymentPostprocessing = 0;
		};
/* End PBXSourcesBuildPhase section */

/* Begin PBXVariantGroup section */
		018960C824E1BC8E0090CDF4 /* Main.storyboard */ = {
			isa = PBXVariantGroup;
			children = (
				018960C924E1BC8E0090CDF4 /* Base */,
			);
			name = Main.storyboard;
			sourceTree = "<group>";
		};
		018960CD24E1BC900090CDF4 /* LaunchScreen.storyboard */ = {
			isa = PBXVariantGroup;
			children = (
				018960CE24E1BC900090CDF4 /* Base */,
			);
			name = LaunchScreen.storyboard;
			sourceTree = "<group>";
		};
/* End PBXVariantGroup section */

/* Begin XCBuildConfiguration section */
		018960D124E1BC900090CDF4 /* Debug */ = {
			isa = XCBuildConfiguration;
			buildSettings = {
				ALWAYS_SEARCH_USER_PATHS = NO;
				CLANG_ANALYZER_NONNULL = YES;
				CLANG_ANALYZER_NUMBER_OBJECT_CONVERSION = YES_AGGRESSIVE;
				CLANG_CXX_LANGUAGE_STANDARD = "gnu++14";
				CLANG_CXX_LIBRARY = "libc++";
				CLANG_ENABLE_MODULES = YES;
				CLANG_ENABLE_OBJC_ARC = YES;
				CLANG_ENABLE_OBJC_WEAK = YES;
				CLANG_WARN_BLOCK_CAPTURE_AUTORELEASING = YES;
				CLANG_WARN_BOOL_CONVERSION = YES;
				CLANG_WARN_COMMA = YES;
				CLANG_WARN_CONSTANT_CONVERSION = YES;
				CLANG_WARN_DEPRECATED_OBJC_IMPLEMENTATIONS = YES;
				CLANG_WARN_DIRECT_OBJC_ISA_USAGE = YES_ERROR;
				CLANG_WARN_DOCUMENTATION_COMMENTS = YES;
				CLANG_WARN_EMPTY_BODY = YES;
				CLANG_WARN_ENUM_CONVERSION = YES;
				CLANG_WARN_INFINITE_RECURSION = YES;
				CLANG_WARN_INT_CONVERSION = YES;
				CLANG_WARN_NON_LITERAL_NULL_CONVERSION = YES;
				CLANG_WARN_OBJC_IMPLICIT_RETAIN_SELF = YES;
				CLANG_WARN_OBJC_LITERAL_CONVERSION = YES;
				CLANG_WARN_OBJC_ROOT_CLASS = YES_ERROR;
				CLANG_WARN_RANGE_LOOP_ANALYSIS = YES;
				CLANG_WARN_STRICT_PROTOTYPES = YES;
				CLANG_WARN_SUSPICIOUS_MOVE = YES;
				CLANG_WARN_UNGUARDED_AVAILABILITY = YES_AGGRESSIVE;
				CLANG_WARN_UNREACHABLE_CODE = YES;
				CLANG_WARN__DUPLICATE_METHOD_MATCH = YES;
				COPY_PHASE_STRIP = NO;
				DEBUG_INFORMATION_FORMAT = dwarf;
				ENABLE_STRICT_OBJC_MSGSEND = YES;
				ENABLE_TESTABILITY = YES;
				GCC_C_LANGUAGE_STANDARD = gnu11;
				GCC_DYNAMIC_NO_PIC = NO;
				GCC_NO_COMMON_BLOCKS = YES;
				GCC_OPTIMIZATION_LEVEL = 0;
				GCC_PREPROCESSOR_DEFINITIONS = (
					"DEBUG=1",
					"$(inherited)",
				);
				GCC_WARN_64_TO_32_BIT_CONVERSION = YES;
				GCC_WARN_ABOUT_RETURN_TYPE = YES_ERROR;
				GCC_WARN_UNDECLARED_SELECTOR = YES;
				GCC_WARN_UNINITIALIZED_AUTOS = YES_AGGRESSIVE;
				GCC_WARN_UNUSED_FUNCTION = YES;
				GCC_WARN_UNUSED_VARIABLE = YES;
				IPHONEOS_DEPLOYMENT_TARGET = 13.6;
				MTL_ENABLE_DEBUG_INFO = INCLUDE_SOURCE;
				MTL_FAST_MATH = YES;
				ONLY_ACTIVE_ARCH = YES;
				SDKROOT = iphoneos;
				SWIFT_ACTIVE_COMPILATION_CONDITIONS = DEBUG;
				SWIFT_OPTIMIZATION_LEVEL = "-Onone";
			};
			name = Debug;
		};
		018960D224E1BC900090CDF4 /* Release */ = {
			isa = XCBuildConfiguration;
			buildSettings = {
				ALWAYS_SEARCH_USER_PATHS = NO;
				CLANG_ANALYZER_NONNULL = YES;
				CLANG_ANALYZER_NUMBER_OBJECT_CONVERSION = YES_AGGRESSIVE;
				CLANG_CXX_LANGUAGE_STANDARD = "gnu++14";
				CLANG_CXX_LIBRARY = "libc++";
				CLANG_ENABLE_MODULES = YES;
				CLANG_ENABLE_OBJC_ARC = YES;
				CLANG_ENABLE_OBJC_WEAK = YES;
				CLANG_WARN_BLOCK_CAPTURE_AUTORELEASING = YES;
				CLANG_WARN_BOOL_CONVERSION = YES;
				CLANG_WARN_COMMA = YES;
				CLANG_WARN_CONSTANT_CONVERSION = YES;
				CLANG_WARN_DEPRECATED_OBJC_IMPLEMENTATIONS = YES;
				CLANG_WARN_DIRECT_OBJC_ISA_USAGE = YES_ERROR;
				CLANG_WARN_DOCUMENTATION_COMMENTS = YES;
				CLANG_WARN_EMPTY_BODY = YES;
				CLANG_WARN_ENUM_CONVERSION = YES;
				CLANG_WARN_INFINITE_RECURSION = YES;
				CLANG_WARN_INT_CONVERSION = YES;
				CLANG_WARN_NON_LITERAL_NULL_CONVERSION = YES;
				CLANG_WARN_OBJC_IMPLICIT_RETAIN_SELF = YES;
				CLANG_WARN_OBJC_LITERAL_CONVERSION = YES;
				CLANG_WARN_OBJC_ROOT_CLASS = YES_ERROR;
				CLANG_WARN_RANGE_LOOP_ANALYSIS = YES;
				CLANG_WARN_STRICT_PROTOTYPES = YES;
				CLANG_WARN_SUSPICIOUS_MOVE = YES;
				CLANG_WARN_UNGUARDED_AVAILABILITY = YES_AGGRESSIVE;
				CLANG_WARN_UNREACHABLE_CODE = YES;
				CLANG_WARN__DUPLICATE_METHOD_MATCH = YES;
				COPY_PHASE_STRIP = NO;
				DEBUG_INFORMATION_FORMAT = "dwarf-with-dsym";
				ENABLE_NS_ASSERTIONS = NO;
				ENABLE_STRICT_OBJC_MSGSEND = YES;
				GCC_C_LANGUAGE_STANDARD = gnu11;
				GCC_NO_COMMON_BLOCKS = YES;
				GCC_WARN_64_TO_32_BIT_CONVERSION = YES;
				GCC_WARN_ABOUT_RETURN_TYPE = YES_ERROR;
				GCC_WARN_UNDECLARED_SELECTOR = YES;
				GCC_WARN_UNINITIALIZED_AUTOS = YES_AGGRESSIVE;
				GCC_WARN_UNUSED_FUNCTION = YES;
				GCC_WARN_UNUSED_VARIABLE = YES;
				IPHONEOS_DEPLOYMENT_TARGET = 13.6;
				MTL_ENABLE_DEBUG_INFO = NO;
				MTL_FAST_MATH = YES;
				SDKROOT = iphoneos;
				SWIFT_COMPILATION_MODE = wholemodule;
				SWIFT_OPTIMIZATION_LEVEL = "-O";
				VALIDATE_PRODUCT = YES;
			};
			name = Release;
		};
		018960D424E1BC900090CDF4 /* Debug */ = {
			isa = XCBuildConfiguration;
			baseConfigurationReference = FB8A419F5144B17B9C00ADCE /* Pods-Moya Demo.debug.xcconfig */;
			buildSettings = {
				ASSETCATALOG_COMPILER_APPICON_NAME = AppIcon;
				CODE_SIGN_STYLE = Automatic;
				DEVELOPMENT_TEAM = PTRW36GG78;
				INFOPLIST_FILE = "Moya Demo/Info.plist";
				LD_RUNPATH_SEARCH_PATHS = (
					"$(inherited)",
					"@executable_path/Frameworks",
				);
				PRODUCT_BUNDLE_IDENTIFIER = "com.Andrew11US.Moya-Demo";
				PRODUCT_NAME = "$(TARGET_NAME)";
				SWIFT_VERSION = 5.0;
				TARGETED_DEVICE_FAMILY = "1,2";
			};
			name = Debug;
		};
		018960D524E1BC900090CDF4 /* Release */ = {
			isa = XCBuildConfiguration;
			baseConfigurationReference = CAC4116F91D59343DDDF48AC /* Pods-Moya Demo.release.xcconfig */;
			buildSettings = {
				ASSETCATALOG_COMPILER_APPICON_NAME = AppIcon;
				CODE_SIGN_STYLE = Automatic;
				DEVELOPMENT_TEAM = PTRW36GG78;
				INFOPLIST_FILE = "Moya Demo/Info.plist";
				LD_RUNPATH_SEARCH_PATHS = (
					"$(inherited)",
					"@executable_path/Frameworks",
				);
				PRODUCT_BUNDLE_IDENTIFIER = "com.Andrew11US.Moya-Demo";
				PRODUCT_NAME = "$(TARGET_NAME)";
				SWIFT_VERSION = 5.0;
				TARGETED_DEVICE_FAMILY = "1,2";
			};
			name = Release;
		};
/* End XCBuildConfiguration section */

/* Begin XCConfigurationList section */
		018960BA24E1BC8E0090CDF4 /* Build configuration list for PBXProject "Moya Demo" */ = {
			isa = XCConfigurationList;
			buildConfigurations = (
				018960D124E1BC900090CDF4 /* Debug */,
				018960D224E1BC900090CDF4 /* Release */,
			);
			defaultConfigurationIsVisible = 0;
			defaultConfigurationName = Release;
		};
		018960D324E1BC900090CDF4 /* Build configuration list for PBXNativeTarget "Moya Demo" */ = {
			isa = XCConfigurationList;
			buildConfigurations = (
				018960D424E1BC900090CDF4 /* Debug */,
				018960D524E1BC900090CDF4 /* Release */,
			);
			defaultConfigurationIsVisible = 0;
			defaultConfigurationName = Release;
		};
/* End XCConfigurationList section */
	};
	rootObject = 018960B724E1BC8E0090CDF4 /* Project object */;
}
